<?xml version="1.0" encoding="utf-8"?>
<Project ToolsVersion="4.0" xmlns="http://schemas.microsoft.com/developer/msbuild/2003">
  <ItemGroup>
    <Filter Include="Source Files">
      <UniqueIdentifier>{4FC737F1-C7A5-4376-A066-2A32D752A2FF}</UniqueIdentifier>
      <Extensions>cpp;c;cc;cxx;def;odl;idl;hpj;bat;asm;asmx</Extensions>
    </Filter>
    <Filter Include="Header Files">
      <UniqueIdentifier>{93995380-89BD-4b04-88EB-625FBE52EBFB}</UniqueIdentifier>
      <Extensions>h;hpp;hxx;hm;inl;inc;xsd</Extensions>
    </Filter>
    <Filter Include="Shader Files">
      <UniqueIdentifier>{f622381c-0169-4c9f-ba03-ca2c876f9248}</UniqueIdentifier>
    </Filter>
  </ItemGroup>
  <ItemGroup>
    <ClCompile Include="main.cpp">
      <Filter>Source Files</Filter>
    </ClCompile>
    <ClCompile Include="gl\glad\glad.c">
      <Filter>Source Files</Filter>
    </ClCompile>
    <ClCompile Include="Camera.cpp">
      <Filter>Source Files</Filter>
    </ClCompile>
    <ClCompile Include="ShaderMatrix.cpp">
      <Filter>Source Files</Filter>
    </ClCompile>
    <ClCompile Include="DragInfo.cpp">
      <Filter>Source Files</Filter>
    </ClCompile>
    <ClCompile Include="Light.cpp">
      <Filter>Source Files</Filter>
    </ClCompile>
    <ClCompile Include="Material.cpp">
      <Filter>Source Files</Filter>
    </ClCompile>
    <ClCompile Include="SolarSystemObejct.cpp">
      <Filter>Source Files</Filter>
    </ClCompile>
    <ClCompile Include="SolarSystemOrbitalObject.cpp">
      <Filter>Source Files</Filter>
    </ClCompile>
    <ClCompile Include="BindedVertexInfo.cpp">
      <Filter>Source Files</Filter>
    </ClCompile>
    <ClCompile Include="BindedTextureInfo.cpp">
      <Filter>Source Files</Filter>
    </ClCompile>
    <ClCompile Include="OrbVerticesBinder.cpp">
      <Filter>Source Files</Filter>
    </ClCompile>
    <ClCompile Include="TextureBinder.cpp">
      <Filter>Source Files</Filter>
    </ClCompile>
    <ClCompile Include="SolarSystemRotationalObject.cpp">
      <Filter>Source Files</Filter>
    </ClCompile>
    <ClCompile Include="Renderer.cpp">
      <Filter>Source Files</Filter>
    </ClCompile>
    <ClCompile Include="OrbRenderer.cpp">
      <Filter>Source Files</Filter>
    </ClCompile>
    <ClCompile Include="RingOrbRenderer.cpp">
      <Filter>Source Files</Filter>
    </ClCompile>
    <ClCompile Include="RingVerticesBinder.cpp">
      <Filter>Source Files</Filter>
    </ClCompile>
    <ClCompile Include="BumpedOrbRenderer.cpp">
      <Filter>Source Files</Filter>
    </ClCompile>
  </ItemGroup>
  <ItemGroup>
    <ClInclude Include="cgmath.h">
      <Filter>Header Files</Filter>
    </ClInclude>
    <ClInclude Include="cgut.h">
      <Filter>Header Files</Filter>
    </ClInclude>
    <ClInclude Include="Camera.h">
      <Filter>Header Files</Filter>
    </ClInclude>
    <ClInclude Include="ShaderMatrix.h">
      <Filter>Header Files</Filter>
    </ClInclude>
    <ClInclude Include="DragInfo.h">
      <Filter>Header Files</Filter>
    </ClInclude>
    <ClInclude Include="Light.h">
      <Filter>Header Files</Filter>
    </ClInclude>
    <ClInclude Include="Material.h">
      <Filter>Header Files</Filter>
    </ClInclude>
    <ClInclude Include="SolarSystemObejct.h">
      <Filter>Header Files</Filter>
    </ClInclude>
    <ClInclude Include="SolarSystemOrbitalObject.h">
      <Filter>Header Files</Filter>
    </ClInclude>
    <ClInclude Include="BindedVertexInfo.h">
      <Filter>Header Files</Filter>
    </ClInclude>
    <ClInclude Include="BindedTextureInfo.h">
      <Filter>Header Files</Filter>
    </ClInclude>
    <ClInclude Include="OrbVerticesBinder.h">
      <Filter>Header Files</Filter>
    </ClInclude>
    <ClInclude Include="TextureBinder.h">
      <Filter>Header Files</Filter>
    </ClInclude>
    <ClInclude Include="SolarSystemRotationalObject.h">
      <Filter>Header Files</Filter>
    </ClInclude>
    <ClInclude Include="Renderer.h">
      <Filter>Header Files</Filter>
    </ClInclude>
    <ClInclude Include="OrbRenderer.h">
      <Filter>Header Files</Filter>
    </ClInclude>
    <ClInclude Include="RingOrbRenderer.h">
      <Filter>Header Files</Filter>
    </ClInclude>
    <ClInclude Include="RingVerticesBinder.h">
      <Filter>Header Files</Filter>
    </ClInclude>
    <ClInclude Include="BumpedOrbRenderer.h">
      <Filter>Header Files</Filter>
    </ClInclude>
  </ItemGroup>
  <ItemGroup>
    <None Include="..\bin\shaders\trackball.vert">
      <Filter>Shader Files</Filter>
    </None>
    <None Include="..\bin\shaders\trackball.frag">
      <Filter>Shader Files</Filter>
    </None>
  </ItemGroup>
</Project>